// !$*UTF8*$!
{
	archiveVersion = 1;
	classes = {
	};
	objectVersion = 55;
	objects = {

/* Begin PBXBuildFile section */
		0B53774F27DB04350085C110 /* GoogleService-Info.plist in Resources */ = {isa = PBXBuildFile; fileRef = 0B53774E27DB04350085C110 /* GoogleService-Info.plist */; };
		0B53775227DB0D4A0085C110 /* FirebaseAuthService.swift in Sources */ = {isa = PBXBuildFile; fileRef = 0B53775127DB0D4A0085C110 /* FirebaseAuthService.swift */; };
		252CFC16CD57BB4032C4E2BE /* Pods_Saffy_Cleaning_Saffy_CleaningUITests.framework in Frameworks */ = {isa = PBXBuildFile; fileRef = 2F4D287A27980C64A0808B13 /* Pods_Saffy_Cleaning_Saffy_CleaningUITests.framework */; };
		B029D5559A50E4E49A9CB925 /* Pods_Saffy_CleaningTests.framework in Frameworks */ = {isa = PBXBuildFile; fileRef = 404710E31F5EDAE0C105C219 /* Pods_Saffy_CleaningTests.framework */; };
		BA3512CD27DAED6A00C67330 /* SCAddressVC.swift in Sources */ = {isa = PBXBuildFile; fileRef = BA3512CC27DAED6A00C67330 /* SCAddressVC.swift */; };
		BA3512CF27DAFB7B00C67330 /* OrderViewController.swift in Sources */ = {isa = PBXBuildFile; fileRef = BA3512CE27DAFB7B00C67330 /* OrderViewController.swift */; };
		BA65DB5427DA69A50007A915 /* Urbanist-Bold.ttf in Resources */ = {isa = PBXBuildFile; fileRef = BA65DB5027DA69A50007A915 /* Urbanist-Bold.ttf */; };
		BA65DB5527DA69A50007A915 /* Urbanist-Regular.ttf in Resources */ = {isa = PBXBuildFile; fileRef = BA65DB5127DA69A50007A915 /* Urbanist-Regular.ttf */; };
		BA65DB5627DA69A50007A915 /* Urbanist-SemiBold.ttf in Resources */ = {isa = PBXBuildFile; fileRef = BA65DB5227DA69A50007A915 /* Urbanist-SemiBold.ttf */; };
		BA65DB5727DA69A50007A915 /* Urbanist-Medium.ttf in Resources */ = {isa = PBXBuildFile; fileRef = BA65DB5327DA69A50007A915 /* Urbanist-Medium.ttf */; };
		BA65DB5A27DA6DED0007A915 /* UITapGestureRecognizer+Ext.swift in Sources */ = {isa = PBXBuildFile; fileRef = BA65DB5927DA6DED0007A915 /* UITapGestureRecognizer+Ext.swift */; };
		BA65DB5C27DA6E030007A915 /* UIView+Ext.swift in Sources */ = {isa = PBXBuildFile; fileRef = BA65DB5B27DA6E030007A915 /* UIView+Ext.swift */; };
		BA65DB5E27DA6E1A0007A915 /* UIColor+Ext.swift in Sources */ = {isa = PBXBuildFile; fileRef = BA65DB5D27DA6E1A0007A915 /* UIColor+Ext.swift */; };
		BA65DB6027DA6E2E0007A915 /* UIFont+Ext.swift in Sources */ = {isa = PBXBuildFile; fileRef = BA65DB5F27DA6E2E0007A915 /* UIFont+Ext.swift */; };
		BA65DB6227DA6E400007A915 /* UILabel+Ext.swift in Sources */ = {isa = PBXBuildFile; fileRef = BA65DB6127DA6E400007A915 /* UILabel+Ext.swift */; };
		BA65DB6427DA6E590007A915 /* UIViewController+Ext.swift in Sources */ = {isa = PBXBuildFile; fileRef = BA65DB6327DA6E590007A915 /* UIViewController+Ext.swift */; };
		BA65DB6627DA6E6D0007A915 /* String+Ext.swift in Sources */ = {isa = PBXBuildFile; fileRef = BA65DB6527DA6E6D0007A915 /* String+Ext.swift */; };
		BA95396A27D99031005A899A /* AppDelegate.swift in Sources */ = {isa = PBXBuildFile; fileRef = BA95396927D99031005A899A /* AppDelegate.swift */; };
		BA95396C27D99031005A899A /* SceneDelegate.swift in Sources */ = {isa = PBXBuildFile; fileRef = BA95396B27D99031005A899A /* SceneDelegate.swift */; };
		BA95396E27D99031005A899A /* LoginViewController.swift in Sources */ = {isa = PBXBuildFile; fileRef = BA95396D27D99031005A899A /* LoginViewController.swift */; };
		BA95397427D99031005A899A /* Saffy_Cleaning.xcdatamodeld in Sources */ = {isa = PBXBuildFile; fileRef = BA95397227D99031005A899A /* Saffy_Cleaning.xcdatamodeld */; };
		BA95397627D99032005A899A /* Assets.xcassets in Resources */ = {isa = PBXBuildFile; fileRef = BA95397527D99032005A899A /* Assets.xcassets */; };
		BA95397927D99032005A899A /* LaunchScreen.storyboard in Resources */ = {isa = PBXBuildFile; fileRef = BA95397727D99032005A899A /* LaunchScreen.storyboard */; };
		BA95398427D99032005A899A /* Saffy_CleaningTests.swift in Sources */ = {isa = PBXBuildFile; fileRef = BA95398327D99032005A899A /* Saffy_CleaningTests.swift */; };
		BA95398E27D99032005A899A /* Saffy_CleaningUITests.swift in Sources */ = {isa = PBXBuildFile; fileRef = BA95398D27D99032005A899A /* Saffy_CleaningUITests.swift */; };
		BA95399027D99032005A899A /* Saffy_CleaningUITestsLaunchTests.swift in Sources */ = {isa = PBXBuildFile; fileRef = BA95398F27D99032005A899A /* Saffy_CleaningUITestsLaunchTests.swift */; };
		BA9539A427D990F5005A899A /* SCSubTitleLabel.swift in Sources */ = {isa = PBXBuildFile; fileRef = BA9539A327D990F5005A899A /* SCSubTitleLabel.swift */; };
		BA9539A627D990FE005A899A /* SCInfoLabel.swift in Sources */ = {isa = PBXBuildFile; fileRef = BA9539A527D990FE005A899A /* SCInfoLabel.swift */; };
		BA9539A827D99106005A899A /* SCCompletionLabel.swift in Sources */ = {isa = PBXBuildFile; fileRef = BA9539A727D99106005A899A /* SCCompletionLabel.swift */; };
		BA9539AA27D9910B005A899A /* SCMainLabel.swift in Sources */ = {isa = PBXBuildFile; fileRef = BA9539A927D9910B005A899A /* SCMainLabel.swift */; };
		BA9539AC27D99110005A899A /* SCTitleLabel.swift in Sources */ = {isa = PBXBuildFile; fileRef = BA9539AB27D99110005A899A /* SCTitleLabel.swift */; };
		BA9539AF27D99124005A899A /* SCTextField.swift in Sources */ = {isa = PBXBuildFile; fileRef = BA9539AE27D99124005A899A /* SCTextField.swift */; };
		BA9539B227D99136005A899A /* SCMainButton.swift in Sources */ = {isa = PBXBuildFile; fileRef = BA9539B127D99136005A899A /* SCMainButton.swift */; };
		BA9539B427D9913D005A899A /* SCImageButton.swift in Sources */ = {isa = PBXBuildFile; fileRef = BA9539B327D9913D005A899A /* SCImageButton.swift */; };
		BA9539B627D99143005A899A /* SCRadioButton.swift in Sources */ = {isa = PBXBuildFile; fileRef = BA9539B527D99143005A899A /* SCRadioButton.swift */; };
		BA9539B827D99149005A899A /* SCCheckBox.swift in Sources */ = {isa = PBXBuildFile; fileRef = BA9539B727D99149005A899A /* SCCheckBox.swift */; };
		BA9539BB27D99156005A899A /* SCProfileImageView.swift in Sources */ = {isa = PBXBuildFile; fileRef = BA9539BA27D99156005A899A /* SCProfileImageView.swift */; };
		BA9539BE27D99165005A899A /* SCSignInView.swift in Sources */ = {isa = PBXBuildFile; fileRef = BA9539BD27D99165005A899A /* SCSignInView.swift */; };
		BA9539C027D9916A005A899A /* SCInfoView.swift in Sources */ = {isa = PBXBuildFile; fileRef = BA9539BF27D9916A005A899A /* SCInfoView.swift */; };
		BA9539C227D99173005A899A /* SCPolicyView.swift in Sources */ = {isa = PBXBuildFile; fileRef = BA9539C127D99173005A899A /* SCPolicyView.swift */; };
		BA9539C527D991A7005A899A /* SCSelectionPopUp.swift in Sources */ = {isa = PBXBuildFile; fileRef = BA9539C427D991A7005A899A /* SCSelectionPopUp.swift */; };
		BA9539C827D991C8005A899A /* SCHistoryCardCell.swift in Sources */ = {isa = PBXBuildFile; fileRef = BA9539C727D991C8005A899A /* SCHistoryCardCell.swift */; };
		BA9539CA27D991CD005A899A /* SCReviewCell.swift in Sources */ = {isa = PBXBuildFile; fileRef = BA9539C927D991CD005A899A /* SCReviewCell.swift */; };
		BA9539CC27D991D1005A899A /* SCInfoCell.swift in Sources */ = {isa = PBXBuildFile; fileRef = BA9539CB27D991D1005A899A /* SCInfoCell.swift */; };
		BA9539CE27D991D5005A899A /* SCAddressCell.swift in Sources */ = {isa = PBXBuildFile; fileRef = BA9539CD27D991D5005A899A /* SCAddressCell.swift */; };
		BA9539D027D991D9005A899A /* SCHousePhotoCell.swift in Sources */ = {isa = PBXBuildFile; fileRef = BA9539CF27D991D9005A899A /* SCHousePhotoCell.swift */; };
		BA9539D327D998E2005A899A /* SCStackView.swift in Sources */ = {isa = PBXBuildFile; fileRef = BA9539D227D998E2005A899A /* SCStackView.swift */; };
		BAB5F35027D9ACE60018A030 /* MainTabBarController.swift in Sources */ = {isa = PBXBuildFile; fileRef = BAB5F34F27D9ACE60018A030 /* MainTabBarController.swift */; };
		BAB5F35927D9AD7E0018A030 /* HomeViewController.swift in Sources */ = {isa = PBXBuildFile; fileRef = BAB5F35827D9AD7E0018A030 /* HomeViewController.swift */; };
		BAB5F35B27D9AF170018A030 /* ChatViewController.swift in Sources */ = {isa = PBXBuildFile; fileRef = BAB5F35A27D9AF170018A030 /* ChatViewController.swift */; };
		BAB5F35D27D9AF290018A030 /* HistoryViewController.swift in Sources */ = {isa = PBXBuildFile; fileRef = BAB5F35C27D9AF290018A030 /* HistoryViewController.swift */; };
		BAB5F35F27D9AF3F0018A030 /* NoticeViewController.swift in Sources */ = {isa = PBXBuildFile; fileRef = BAB5F35E27D9AF3F0018A030 /* NoticeViewController.swift */; };
		BAB5F36127D9AF4E0018A030 /* ProfileViewController.swift in Sources */ = {isa = PBXBuildFile; fileRef = BAB5F36027D9AF4E0018A030 /* ProfileViewController.swift */; };
		BABE4E4B27DABF3400ECFFE1 /* SCCircleButton.swift in Sources */ = {isa = PBXBuildFile; fileRef = BABE4E4A27DABF3400ECFFE1 /* SCCircleButton.swift */; };
		BABE4E4F27DAE27500ECFFE1 /* SignUpViewController.swift in Sources */ = {isa = PBXBuildFile; fileRef = BABE4E4E27DAE27500ECFFE1 /* SignUpViewController.swift */; };
		D922A77F850873A4E7982687 /* Pods_Saffy_Cleaning.framework in Frameworks */ = {isa = PBXBuildFile; fileRef = F8596857A81C4DC473DA8600 /* Pods_Saffy_Cleaning.framework */; };
/* End PBXBuildFile section */

/* Begin PBXContainerItemProxy section */
		BA95398027D99032005A899A /* PBXContainerItemProxy */ = {
			isa = PBXContainerItemProxy;
			containerPortal = BA95395E27D99031005A899A /* Project object */;
			proxyType = 1;
			remoteGlobalIDString = BA95396527D99031005A899A;
			remoteInfo = "Saffy Cleaning";
		};
		BA95398A27D99032005A899A /* PBXContainerItemProxy */ = {
			isa = PBXContainerItemProxy;
			containerPortal = BA95395E27D99031005A899A /* Project object */;
			proxyType = 1;
			remoteGlobalIDString = BA95396527D99031005A899A;
			remoteInfo = "Saffy Cleaning";
		};
/* End PBXContainerItemProxy section */

/* Begin PBXFileReference section */
		0886986748DD21DB2CC14626 /* Pods-Saffy CleaningTests.debug.xcconfig */ = {isa = PBXFileReference; includeInIndex = 1; lastKnownFileType = text.xcconfig; name = "Pods-Saffy CleaningTests.debug.xcconfig"; path = "Target Support Files/Pods-Saffy CleaningTests/Pods-Saffy CleaningTests.debug.xcconfig"; sourceTree = "<group>"; };
		0B53774E27DB04350085C110 /* GoogleService-Info.plist */ = {isa = PBXFileReference; fileEncoding = 4; lastKnownFileType = text.plist.xml; path = "GoogleService-Info.plist"; sourceTree = "<group>"; };
		0B53775127DB0D4A0085C110 /* FirebaseAuthService.swift */ = {isa = PBXFileReference; lastKnownFileType = sourcecode.swift; path = FirebaseAuthService.swift; sourceTree = "<group>"; };
		2F4D287A27980C64A0808B13 /* Pods_Saffy_Cleaning_Saffy_CleaningUITests.framework */ = {isa = PBXFileReference; explicitFileType = wrapper.framework; includeInIndex = 0; path = Pods_Saffy_Cleaning_Saffy_CleaningUITests.framework; sourceTree = BUILT_PRODUCTS_DIR; };
		3C8CF8174B661D95C9004E6B /* Pods-Saffy Cleaning-Saffy CleaningUITests.debug.xcconfig */ = {isa = PBXFileReference; includeInIndex = 1; lastKnownFileType = text.xcconfig; name = "Pods-Saffy Cleaning-Saffy CleaningUITests.debug.xcconfig"; path = "Target Support Files/Pods-Saffy Cleaning-Saffy CleaningUITests/Pods-Saffy Cleaning-Saffy CleaningUITests.debug.xcconfig"; sourceTree = "<group>"; };
		404710E31F5EDAE0C105C219 /* Pods_Saffy_CleaningTests.framework */ = {isa = PBXFileReference; explicitFileType = wrapper.framework; includeInIndex = 0; path = Pods_Saffy_CleaningTests.framework; sourceTree = BUILT_PRODUCTS_DIR; };
		8DA4BFA633F1EBED2C258690 /* Pods-Saffy Cleaning.debug.xcconfig */ = {isa = PBXFileReference; includeInIndex = 1; lastKnownFileType = text.xcconfig; name = "Pods-Saffy Cleaning.debug.xcconfig"; path = "Target Support Files/Pods-Saffy Cleaning/Pods-Saffy Cleaning.debug.xcconfig"; sourceTree = "<group>"; };
		8FF407DC294425913D66AABA /* Pods-Saffy Cleaning.release.xcconfig */ = {isa = PBXFileReference; includeInIndex = 1; lastKnownFileType = text.xcconfig; name = "Pods-Saffy Cleaning.release.xcconfig"; path = "Target Support Files/Pods-Saffy Cleaning/Pods-Saffy Cleaning.release.xcconfig"; sourceTree = "<group>"; };
		AC672424CA58B06308BFF680 /* Pods-Saffy Cleaning-Saffy CleaningUITests.release.xcconfig */ = {isa = PBXFileReference; includeInIndex = 1; lastKnownFileType = text.xcconfig; name = "Pods-Saffy Cleaning-Saffy CleaningUITests.release.xcconfig"; path = "Target Support Files/Pods-Saffy Cleaning-Saffy CleaningUITests/Pods-Saffy Cleaning-Saffy CleaningUITests.release.xcconfig"; sourceTree = "<group>"; };
		BA3512CC27DAED6A00C67330 /* SCAddressVC.swift */ = {isa = PBXFileReference; lastKnownFileType = sourcecode.swift; path = SCAddressVC.swift; sourceTree = "<group>"; };
		BA3512CE27DAFB7B00C67330 /* OrderViewController.swift */ = {isa = PBXFileReference; lastKnownFileType = sourcecode.swift; path = OrderViewController.swift; sourceTree = "<group>"; };
		BA65DB5027DA69A50007A915 /* Urbanist-Bold.ttf */ = {isa = PBXFileReference; lastKnownFileType = file; path = "Urbanist-Bold.ttf"; sourceTree = "<group>"; };
		BA65DB5127DA69A50007A915 /* Urbanist-Regular.ttf */ = {isa = PBXFileReference; lastKnownFileType = file; path = "Urbanist-Regular.ttf"; sourceTree = "<group>"; };
		BA65DB5227DA69A50007A915 /* Urbanist-SemiBold.ttf */ = {isa = PBXFileReference; lastKnownFileType = file; path = "Urbanist-SemiBold.ttf"; sourceTree = "<group>"; };
		BA65DB5327DA69A50007A915 /* Urbanist-Medium.ttf */ = {isa = PBXFileReference; lastKnownFileType = file; path = "Urbanist-Medium.ttf"; sourceTree = "<group>"; };
		BA65DB5927DA6DED0007A915 /* UITapGestureRecognizer+Ext.swift */ = {isa = PBXFileReference; lastKnownFileType = sourcecode.swift; path = "UITapGestureRecognizer+Ext.swift"; sourceTree = "<group>"; };
		BA65DB5B27DA6E030007A915 /* UIView+Ext.swift */ = {isa = PBXFileReference; lastKnownFileType = sourcecode.swift; path = "UIView+Ext.swift"; sourceTree = "<group>"; };
		BA65DB5D27DA6E1A0007A915 /* UIColor+Ext.swift */ = {isa = PBXFileReference; lastKnownFileType = sourcecode.swift; path = "UIColor+Ext.swift"; sourceTree = "<group>"; };
		BA65DB5F27DA6E2E0007A915 /* UIFont+Ext.swift */ = {isa = PBXFileReference; lastKnownFileType = sourcecode.swift; path = "UIFont+Ext.swift"; sourceTree = "<group>"; };
		BA65DB6127DA6E400007A915 /* UILabel+Ext.swift */ = {isa = PBXFileReference; lastKnownFileType = sourcecode.swift; path = "UILabel+Ext.swift"; sourceTree = "<group>"; };
		BA65DB6327DA6E590007A915 /* UIViewController+Ext.swift */ = {isa = PBXFileReference; lastKnownFileType = sourcecode.swift; path = "UIViewController+Ext.swift"; sourceTree = "<group>"; };
		BA65DB6527DA6E6D0007A915 /* String+Ext.swift */ = {isa = PBXFileReference; lastKnownFileType = sourcecode.swift; path = "String+Ext.swift"; sourceTree = "<group>"; };
		BA95396627D99031005A899A /* Saffy Cleaning.app */ = {isa = PBXFileReference; explicitFileType = wrapper.application; includeInIndex = 0; path = "Saffy Cleaning.app"; sourceTree = BUILT_PRODUCTS_DIR; };
		BA95396927D99031005A899A /* AppDelegate.swift */ = {isa = PBXFileReference; lastKnownFileType = sourcecode.swift; path = AppDelegate.swift; sourceTree = "<group>"; };
		BA95396B27D99031005A899A /* SceneDelegate.swift */ = {isa = PBXFileReference; lastKnownFileType = sourcecode.swift; path = SceneDelegate.swift; sourceTree = "<group>"; };
		BA95396D27D99031005A899A /* LoginViewController.swift */ = {isa = PBXFileReference; lastKnownFileType = sourcecode.swift; path = LoginViewController.swift; sourceTree = "<group>"; };
		BA95397327D99031005A899A /* Saffy_Cleaning.xcdatamodel */ = {isa = PBXFileReference; lastKnownFileType = wrapper.xcdatamodel; path = Saffy_Cleaning.xcdatamodel; sourceTree = "<group>"; };
		BA95397527D99032005A899A /* Assets.xcassets */ = {isa = PBXFileReference; lastKnownFileType = folder.assetcatalog; path = Assets.xcassets; sourceTree = "<group>"; };
		BA95397827D99032005A899A /* Base */ = {isa = PBXFileReference; lastKnownFileType = file.storyboard; name = Base; path = Base.lproj/LaunchScreen.storyboard; sourceTree = "<group>"; };
		BA95397A27D99032005A899A /* Info.plist */ = {isa = PBXFileReference; lastKnownFileType = text.plist.xml; path = Info.plist; sourceTree = "<group>"; };
		BA95397F27D99032005A899A /* Saffy CleaningTests.xctest */ = {isa = PBXFileReference; explicitFileType = wrapper.cfbundle; includeInIndex = 0; path = "Saffy CleaningTests.xctest"; sourceTree = BUILT_PRODUCTS_DIR; };
		BA95398327D99032005A899A /* Saffy_CleaningTests.swift */ = {isa = PBXFileReference; lastKnownFileType = sourcecode.swift; path = Saffy_CleaningTests.swift; sourceTree = "<group>"; };
		BA95398927D99032005A899A /* Saffy CleaningUITests.xctest */ = {isa = PBXFileReference; explicitFileType = wrapper.cfbundle; includeInIndex = 0; path = "Saffy CleaningUITests.xctest"; sourceTree = BUILT_PRODUCTS_DIR; };
		BA95398D27D99032005A899A /* Saffy_CleaningUITests.swift */ = {isa = PBXFileReference; lastKnownFileType = sourcecode.swift; path = Saffy_CleaningUITests.swift; sourceTree = "<group>"; };
		BA95398F27D99032005A899A /* Saffy_CleaningUITestsLaunchTests.swift */ = {isa = PBXFileReference; lastKnownFileType = sourcecode.swift; path = Saffy_CleaningUITestsLaunchTests.swift; sourceTree = "<group>"; };
		BA9539A327D990F5005A899A /* SCSubTitleLabel.swift */ = {isa = PBXFileReference; fileEncoding = 4; lastKnownFileType = sourcecode.swift; path = SCSubTitleLabel.swift; sourceTree = "<group>"; };
		BA9539A527D990FE005A899A /* SCInfoLabel.swift */ = {isa = PBXFileReference; fileEncoding = 4; lastKnownFileType = sourcecode.swift; path = SCInfoLabel.swift; sourceTree = "<group>"; };
		BA9539A727D99106005A899A /* SCCompletionLabel.swift */ = {isa = PBXFileReference; fileEncoding = 4; lastKnownFileType = sourcecode.swift; path = SCCompletionLabel.swift; sourceTree = "<group>"; };
		BA9539A927D9910B005A899A /* SCMainLabel.swift */ = {isa = PBXFileReference; fileEncoding = 4; lastKnownFileType = sourcecode.swift; path = SCMainLabel.swift; sourceTree = "<group>"; };
		BA9539AB27D99110005A899A /* SCTitleLabel.swift */ = {isa = PBXFileReference; fileEncoding = 4; lastKnownFileType = sourcecode.swift; path = SCTitleLabel.swift; sourceTree = "<group>"; };
		BA9539AE27D99124005A899A /* SCTextField.swift */ = {isa = PBXFileReference; fileEncoding = 4; lastKnownFileType = sourcecode.swift; path = SCTextField.swift; sourceTree = "<group>"; };
		BA9539B127D99136005A899A /* SCMainButton.swift */ = {isa = PBXFileReference; fileEncoding = 4; lastKnownFileType = sourcecode.swift; path = SCMainButton.swift; sourceTree = "<group>"; };
		BA9539B327D9913D005A899A /* SCImageButton.swift */ = {isa = PBXFileReference; fileEncoding = 4; lastKnownFileType = sourcecode.swift; path = SCImageButton.swift; sourceTree = "<group>"; };
		BA9539B527D99143005A899A /* SCRadioButton.swift */ = {isa = PBXFileReference; fileEncoding = 4; lastKnownFileType = sourcecode.swift; path = SCRadioButton.swift; sourceTree = "<group>"; };
		BA9539B727D99149005A899A /* SCCheckBox.swift */ = {isa = PBXFileReference; fileEncoding = 4; lastKnownFileType = sourcecode.swift; path = SCCheckBox.swift; sourceTree = "<group>"; };
		BA9539BA27D99156005A899A /* SCProfileImageView.swift */ = {isa = PBXFileReference; fileEncoding = 4; lastKnownFileType = sourcecode.swift; path = SCProfileImageView.swift; sourceTree = "<group>"; };
		BA9539BD27D99165005A899A /* SCSignInView.swift */ = {isa = PBXFileReference; fileEncoding = 4; lastKnownFileType = sourcecode.swift; path = SCSignInView.swift; sourceTree = "<group>"; };
		BA9539BF27D9916A005A899A /* SCInfoView.swift */ = {isa = PBXFileReference; fileEncoding = 4; lastKnownFileType = sourcecode.swift; path = SCInfoView.swift; sourceTree = "<group>"; };
		BA9539C127D99173005A899A /* SCPolicyView.swift */ = {isa = PBXFileReference; fileEncoding = 4; lastKnownFileType = sourcecode.swift; path = SCPolicyView.swift; sourceTree = "<group>"; };
		BA9539C427D991A7005A899A /* SCSelectionPopUp.swift */ = {isa = PBXFileReference; fileEncoding = 4; lastKnownFileType = sourcecode.swift; path = SCSelectionPopUp.swift; sourceTree = "<group>"; };
		BA9539C727D991C8005A899A /* SCHistoryCardCell.swift */ = {isa = PBXFileReference; fileEncoding = 4; lastKnownFileType = sourcecode.swift; path = SCHistoryCardCell.swift; sourceTree = "<group>"; };
		BA9539C927D991CD005A899A /* SCReviewCell.swift */ = {isa = PBXFileReference; fileEncoding = 4; lastKnownFileType = sourcecode.swift; path = SCReviewCell.swift; sourceTree = "<group>"; };
		BA9539CB27D991D1005A899A /* SCInfoCell.swift */ = {isa = PBXFileReference; fileEncoding = 4; lastKnownFileType = sourcecode.swift; path = SCInfoCell.swift; sourceTree = "<group>"; };
		BA9539CD27D991D5005A899A /* SCAddressCell.swift */ = {isa = PBXFileReference; fileEncoding = 4; lastKnownFileType = sourcecode.swift; path = SCAddressCell.swift; sourceTree = "<group>"; };
		BA9539CF27D991D9005A899A /* SCHousePhotoCell.swift */ = {isa = PBXFileReference; fileEncoding = 4; lastKnownFileType = sourcecode.swift; path = SCHousePhotoCell.swift; sourceTree = "<group>"; };
		BA9539D227D998E2005A899A /* SCStackView.swift */ = {isa = PBXFileReference; lastKnownFileType = sourcecode.swift; path = SCStackView.swift; sourceTree = "<group>"; };
		BAB5F34F27D9ACE60018A030 /* MainTabBarController.swift */ = {isa = PBXFileReference; lastKnownFileType = sourcecode.swift; path = MainTabBarController.swift; sourceTree = "<group>"; };
		BAB5F35827D9AD7E0018A030 /* HomeViewController.swift */ = {isa = PBXFileReference; lastKnownFileType = sourcecode.swift; path = HomeViewController.swift; sourceTree = "<group>"; };
		BAB5F35A27D9AF170018A030 /* ChatViewController.swift */ = {isa = PBXFileReference; lastKnownFileType = sourcecode.swift; path = ChatViewController.swift; sourceTree = "<group>"; };
		BAB5F35C27D9AF290018A030 /* HistoryViewController.swift */ = {isa = PBXFileReference; lastKnownFileType = sourcecode.swift; path = HistoryViewController.swift; sourceTree = "<group>"; };
		BAB5F35E27D9AF3F0018A030 /* NoticeViewController.swift */ = {isa = PBXFileReference; lastKnownFileType = sourcecode.swift; path = NoticeViewController.swift; sourceTree = "<group>"; };
		BAB5F36027D9AF4E0018A030 /* ProfileViewController.swift */ = {isa = PBXFileReference; lastKnownFileType = sourcecode.swift; path = ProfileViewController.swift; sourceTree = "<group>"; };
		BABE4E4A27DABF3400ECFFE1 /* SCCircleButton.swift */ = {isa = PBXFileReference; lastKnownFileType = sourcecode.swift; path = SCCircleButton.swift; sourceTree = "<group>"; };
		BABE4E4E27DAE27500ECFFE1 /* SignUpViewController.swift */ = {isa = PBXFileReference; lastKnownFileType = sourcecode.swift; path = SignUpViewController.swift; sourceTree = "<group>"; };
		C386D2770B319A360BB1CC08 /* Pods-Saffy CleaningTests.release.xcconfig */ = {isa = PBXFileReference; includeInIndex = 1; lastKnownFileType = text.xcconfig; name = "Pods-Saffy CleaningTests.release.xcconfig"; path = "Target Support Files/Pods-Saffy CleaningTests/Pods-Saffy CleaningTests.release.xcconfig"; sourceTree = "<group>"; };
		F8596857A81C4DC473DA8600 /* Pods_Saffy_Cleaning.framework */ = {isa = PBXFileReference; explicitFileType = wrapper.framework; includeInIndex = 0; path = Pods_Saffy_Cleaning.framework; sourceTree = BUILT_PRODUCTS_DIR; };
/* End PBXFileReference section */

/* Begin PBXFrameworksBuildPhase section */
		BA95396327D99031005A899A /* Frameworks */ = {
			isa = PBXFrameworksBuildPhase;
			buildActionMask = 2147483647;
			files = (
				D922A77F850873A4E7982687 /* Pods_Saffy_Cleaning.framework in Frameworks */,
			);
			runOnlyForDeploymentPostprocessing = 0;
		};
		BA95397C27D99032005A899A /* Frameworks */ = {
			isa = PBXFrameworksBuildPhase;
			buildActionMask = 2147483647;
			files = (
				B029D5559A50E4E49A9CB925 /* Pods_Saffy_CleaningTests.framework in Frameworks */,
			);
			runOnlyForDeploymentPostprocessing = 0;
		};
		BA95398627D99032005A899A /* Frameworks */ = {
			isa = PBXFrameworksBuildPhase;
			buildActionMask = 2147483647;
			files = (
				252CFC16CD57BB4032C4E2BE /* Pods_Saffy_Cleaning_Saffy_CleaningUITests.framework in Frameworks */,
			);
			runOnlyForDeploymentPostprocessing = 0;
		};
/* End PBXFrameworksBuildPhase section */

/* Begin PBXGroup section */
		0B53775027DB0D140085C110 /* Services */ = {
			isa = PBXGroup;
			children = (
				0B53775127DB0D4A0085C110 /* FirebaseAuthService.swift */,
			);
			path = Services;
			sourceTree = "<group>";
		};
		8C4322D7B3443F48EF21404E /* Frameworks */ = {
			isa = PBXGroup;
			children = (
				F8596857A81C4DC473DA8600 /* Pods_Saffy_Cleaning.framework */,
				2F4D287A27980C64A0808B13 /* Pods_Saffy_Cleaning_Saffy_CleaningUITests.framework */,
				404710E31F5EDAE0C105C219 /* Pods_Saffy_CleaningTests.framework */,
			);
			name = Frameworks;
			sourceTree = "<group>";
		};
		A9D7182A337F8C4302F18BAD /* Pods */ = {
			isa = PBXGroup;
			children = (
				8DA4BFA633F1EBED2C258690 /* Pods-Saffy Cleaning.debug.xcconfig */,
				8FF407DC294425913D66AABA /* Pods-Saffy Cleaning.release.xcconfig */,
				3C8CF8174B661D95C9004E6B /* Pods-Saffy Cleaning-Saffy CleaningUITests.debug.xcconfig */,
				AC672424CA58B06308BFF680 /* Pods-Saffy Cleaning-Saffy CleaningUITests.release.xcconfig */,
				0886986748DD21DB2CC14626 /* Pods-Saffy CleaningTests.debug.xcconfig */,
				C386D2770B319A360BB1CC08 /* Pods-Saffy CleaningTests.release.xcconfig */,
			);
			name = Pods;
			path = Pods;
			sourceTree = "<group>";
		};
		BA65DB4E27DA69900007A915 /* StackViews */ = {
			isa = PBXGroup;
			children = (
				BA9539D227D998E2005A899A /* SCStackView.swift */,
			);
			path = StackViews;
			sourceTree = "<group>";
		};
		BA65DB4F27DA69A50007A915 /* Urbanist */ = {
			isa = PBXGroup;
			children = (
				BA65DB5027DA69A50007A915 /* Urbanist-Bold.ttf */,
				BA65DB5127DA69A50007A915 /* Urbanist-Regular.ttf */,
				BA65DB5227DA69A50007A915 /* Urbanist-SemiBold.ttf */,
				BA65DB5327DA69A50007A915 /* Urbanist-Medium.ttf */,
			);
			path = Urbanist;
			sourceTree = "<group>";
		};
		BA65DB5827DA69AC0007A915 /* Storyboards */ = {
			isa = PBXGroup;
			children = (
				BA95397727D99032005A899A /* LaunchScreen.storyboard */,
			);
			path = Storyboards;
			sourceTree = "<group>";
		};
		BA95395D27D99031005A899A = {
			isa = PBXGroup;
			children = (
				BA95396827D99031005A899A /* Saffy Cleaning */,
				BA95398227D99032005A899A /* Saffy CleaningTests */,
				BA95398C27D99032005A899A /* Saffy CleaningUITests */,
				BA95396727D99031005A899A /* Products */,
				A9D7182A337F8C4302F18BAD /* Pods */,
				8C4322D7B3443F48EF21404E /* Frameworks */,
			);
			sourceTree = "<group>";
		};
		BA95396727D99031005A899A /* Products */ = {
			isa = PBXGroup;
			children = (
				BA95396627D99031005A899A /* Saffy Cleaning.app */,
				BA95397F27D99032005A899A /* Saffy CleaningTests.xctest */,
				BA95398927D99032005A899A /* Saffy CleaningUITests.xctest */,
			);
			name = Products;
			sourceTree = "<group>";
		};
		BA95396827D99031005A899A /* Saffy Cleaning */ = {
			isa = PBXGroup;
			children = (
				0B53775027DB0D140085C110 /* Services */,
				0B53774E27DB04350085C110 /* GoogleService-Info.plist */,
				BA65DB4F27DA69A50007A915 /* Urbanist */,
				BA95397A27D99032005A899A /* Info.plist */,
				BA9539D127D991E7005A899A /* Support */,
				BA95399F27D99079005A899A /* Extensions */,
				BA95399E27D99066005A899A /* Controllers */,
				BA95399D27D99058005A899A /* Views */,
				BA95399C27D99053005A899A /* Models */,
			);
			path = "Saffy Cleaning";
			sourceTree = "<group>";
		};
		BA95398227D99032005A899A /* Saffy CleaningTests */ = {
			isa = PBXGroup;
			children = (
				BA95398327D99032005A899A /* Saffy_CleaningTests.swift */,
			);
			path = "Saffy CleaningTests";
			sourceTree = "<group>";
		};
		BA95398C27D99032005A899A /* Saffy CleaningUITests */ = {
			isa = PBXGroup;
			children = (
				BA95398D27D99032005A899A /* Saffy_CleaningUITests.swift */,
				BA95398F27D99032005A899A /* Saffy_CleaningUITestsLaunchTests.swift */,
			);
			path = "Saffy CleaningUITests";
			sourceTree = "<group>";
		};
		BA95399C27D99053005A899A /* Models */ = {
			isa = PBXGroup;
			children = (
				BA95397227D99031005A899A /* Saffy_Cleaning.xcdatamodeld */,
			);
			path = Models;
			sourceTree = "<group>";
		};
		BA95399D27D99058005A899A /* Views */ = {
			isa = PBXGroup;
			children = (
				BA65DB5827DA69AC0007A915 /* Storyboards */,
				BA65DB4E27DA69900007A915 /* StackViews */,
				BA9539C627D991BF005A899A /* Cell Views */,
				BA9539C327D99190005A899A /* ReusableVCs */,
				BA9539BC27D9915B005A899A /* UIViews */,
				BA9539B927D9914D005A899A /* ImageViews */,
				BA9539B027D9912E005A899A /* Buttons */,
				BA9539AD27D99119005A899A /* TextFields */,
				BA9539A227D990E8005A899A /* Labels */,
			);
			path = Views;
			sourceTree = "<group>";
		};
		BA95399E27D99066005A899A /* Controllers */ = {
			isa = PBXGroup;
			children = (
				BAB5F35227D9AD240018A030 /* Tab Bar Controller */,
				BAB5F35127D9AD180018A030 /* Login & Register */,
				BA3512CE27DAFB7B00C67330 /* OrderViewController.swift */,
			);
			path = Controllers;
			sourceTree = "<group>";
		};
		BA95399F27D99079005A899A /* Extensions */ = {
			isa = PBXGroup;
			children = (
				BA65DB5927DA6DED0007A915 /* UITapGestureRecognizer+Ext.swift */,
				BA65DB5B27DA6E030007A915 /* UIView+Ext.swift */,
				BA65DB5D27DA6E1A0007A915 /* UIColor+Ext.swift */,
				BA65DB5F27DA6E2E0007A915 /* UIFont+Ext.swift */,
				BA65DB6127DA6E400007A915 /* UILabel+Ext.swift */,
				BA65DB6327DA6E590007A915 /* UIViewController+Ext.swift */,
				BA65DB6527DA6E6D0007A915 /* String+Ext.swift */,
			);
			path = Extensions;
			sourceTree = "<group>";
		};
		BA9539A227D990E8005A899A /* Labels */ = {
			isa = PBXGroup;
			children = (
				BA9539A327D990F5005A899A /* SCSubTitleLabel.swift */,
				BA9539A527D990FE005A899A /* SCInfoLabel.swift */,
				BA9539A727D99106005A899A /* SCCompletionLabel.swift */,
				BA9539A927D9910B005A899A /* SCMainLabel.swift */,
				BA9539AB27D99110005A899A /* SCTitleLabel.swift */,
			);
			path = Labels;
			sourceTree = "<group>";
		};
		BA9539AD27D99119005A899A /* TextFields */ = {
			isa = PBXGroup;
			children = (
				BA9539AE27D99124005A899A /* SCTextField.swift */,
			);
			path = TextFields;
			sourceTree = "<group>";
		};
		BA9539B027D9912E005A899A /* Buttons */ = {
			isa = PBXGroup;
			children = (
				BA9539B127D99136005A899A /* SCMainButton.swift */,
				BA9539B327D9913D005A899A /* SCImageButton.swift */,
				BA9539B527D99143005A899A /* SCRadioButton.swift */,
				BA9539B727D99149005A899A /* SCCheckBox.swift */,
				BABE4E4A27DABF3400ECFFE1 /* SCCircleButton.swift */,
			);
			path = Buttons;
			sourceTree = "<group>";
		};
		BA9539B927D9914D005A899A /* ImageViews */ = {
			isa = PBXGroup;
			children = (
				BA9539BA27D99156005A899A /* SCProfileImageView.swift */,
			);
			path = ImageViews;
			sourceTree = "<group>";
		};
		BA9539BC27D9915B005A899A /* UIViews */ = {
			isa = PBXGroup;
			children = (
				BA9539BD27D99165005A899A /* SCSignInView.swift */,
				BA9539BF27D9916A005A899A /* SCInfoView.swift */,
				BA9539C127D99173005A899A /* SCPolicyView.swift */,
			);
			path = UIViews;
			sourceTree = "<group>";
		};
		BA9539C327D99190005A899A /* ReusableVCs */ = {
			isa = PBXGroup;
			children = (
				BA9539C427D991A7005A899A /* SCSelectionPopUp.swift */,
				BA3512CC27DAED6A00C67330 /* SCAddressVC.swift */,
			);
			path = ReusableVCs;
			sourceTree = "<group>";
		};
		BA9539C627D991BF005A899A /* Cell Views */ = {
			isa = PBXGroup;
			children = (
				BA9539C727D991C8005A899A /* SCHistoryCardCell.swift */,
				BA9539C927D991CD005A899A /* SCReviewCell.swift */,
				BA9539CB27D991D1005A899A /* SCInfoCell.swift */,
				BA9539CD27D991D5005A899A /* SCAddressCell.swift */,
				BA9539CF27D991D9005A899A /* SCHousePhotoCell.swift */,
			);
			path = "Cell Views";
			sourceTree = "<group>";
		};
		BA9539D127D991E7005A899A /* Support */ = {
			isa = PBXGroup;
			children = (
				BA95397527D99032005A899A /* Assets.xcassets */,
				BA95396B27D99031005A899A /* SceneDelegate.swift */,
				BA95396927D99031005A899A /* AppDelegate.swift */,
			);
			path = Support;
			sourceTree = "<group>";
		};
		BAB5F35127D9AD180018A030 /* Login & Register */ = {
			isa = PBXGroup;
			children = (
				BA95396D27D99031005A899A /* LoginViewController.swift */,
				BABE4E4E27DAE27500ECFFE1 /* SignUpViewController.swift */,
			);
			path = "Login & Register";
			sourceTree = "<group>";
		};
		BAB5F35227D9AD240018A030 /* Tab Bar Controller */ = {
			isa = PBXGroup;
			children = (
				BAB5F34F27D9ACE60018A030 /* MainTabBarController.swift */,
				BAB5F35427D9AD3B0018A030 /* View Controllers */,
			);
			path = "Tab Bar Controller";
			sourceTree = "<group>";
		};
		BAB5F35427D9AD3B0018A030 /* View Controllers */ = {
			isa = PBXGroup;
			children = (
				BAB5F35827D9AD7E0018A030 /* HomeViewController.swift */,
				BAB5F35A27D9AF170018A030 /* ChatViewController.swift */,
				BAB5F35C27D9AF290018A030 /* HistoryViewController.swift */,
				BAB5F35E27D9AF3F0018A030 /* NoticeViewController.swift */,
				BAB5F36027D9AF4E0018A030 /* ProfileViewController.swift */,
			);
			path = "View Controllers";
			sourceTree = "<group>";
		};
/* End PBXGroup section */

/* Begin PBXNativeTarget section */
		BA95396527D99031005A899A /* Saffy Cleaning */ = {
			isa = PBXNativeTarget;
			buildConfigurationList = BA95399327D99032005A899A /* Build configuration list for PBXNativeTarget "Saffy Cleaning" */;
			buildPhases = (
				8DEBBFE7FAFC72BE13F8699C /* [CP] Check Pods Manifest.lock */,
				BA95396227D99031005A899A /* Sources */,
				BA95396327D99031005A899A /* Frameworks */,
				BA95396427D99031005A899A /* Resources */,
				A672A8BA02F5137D34C0A6CB /* [CP] Embed Pods Frameworks */,
			);
			buildRules = (
			);
			dependencies = (
			);
			name = "Saffy Cleaning";
			productName = "Saffy Cleaning";
			productReference = BA95396627D99031005A899A /* Saffy Cleaning.app */;
			productType = "com.apple.product-type.application";
		};
		BA95397E27D99032005A899A /* Saffy CleaningTests */ = {
			isa = PBXNativeTarget;
			buildConfigurationList = BA95399627D99032005A899A /* Build configuration list for PBXNativeTarget "Saffy CleaningTests" */;
			buildPhases = (
				EC42DCDF1D01D716E33C3DDD /* [CP] Check Pods Manifest.lock */,
				BA95397B27D99032005A899A /* Sources */,
				BA95397C27D99032005A899A /* Frameworks */,
				BA95397D27D99032005A899A /* Resources */,
			);
			buildRules = (
			);
			dependencies = (
				BA95398127D99032005A899A /* PBXTargetDependency */,
			);
			name = "Saffy CleaningTests";
			productName = "Saffy CleaningTests";
			productReference = BA95397F27D99032005A899A /* Saffy CleaningTests.xctest */;
			productType = "com.apple.product-type.bundle.unit-test";
		};
		BA95398827D99032005A899A /* Saffy CleaningUITests */ = {
			isa = PBXNativeTarget;
			buildConfigurationList = BA95399927D99032005A899A /* Build configuration list for PBXNativeTarget "Saffy CleaningUITests" */;
			buildPhases = (
				3E72EC5E6A0AA4E4E3CED200 /* [CP] Check Pods Manifest.lock */,
				BA95398527D99032005A899A /* Sources */,
				BA95398627D99032005A899A /* Frameworks */,
				BA95398727D99032005A899A /* Resources */,
				136A7E17E5257639772947D9 /* [CP] Embed Pods Frameworks */,
			);
			buildRules = (
			);
			dependencies = (
				BA95398B27D99032005A899A /* PBXTargetDependency */,
			);
			name = "Saffy CleaningUITests";
			productName = "Saffy CleaningUITests";
			productReference = BA95398927D99032005A899A /* Saffy CleaningUITests.xctest */;
			productType = "com.apple.product-type.bundle.ui-testing";
		};
/* End PBXNativeTarget section */

/* Begin PBXProject section */
		BA95395E27D99031005A899A /* Project object */ = {
			isa = PBXProject;
			attributes = {
				BuildIndependentTargetsInParallel = 1;
				LastSwiftUpdateCheck = 1320;
				LastUpgradeCheck = 1320;
				TargetAttributes = {
					BA95396527D99031005A899A = {
						CreatedOnToolsVersion = 13.2.1;
					};
					BA95397E27D99032005A899A = {
						CreatedOnToolsVersion = 13.2.1;
						TestTargetID = BA95396527D99031005A899A;
					};
					BA95398827D99032005A899A = {
						CreatedOnToolsVersion = 13.2.1;
						TestTargetID = BA95396527D99031005A899A;
					};
				};
			};
			buildConfigurationList = BA95396127D99031005A899A /* Build configuration list for PBXProject "Saffy Cleaning" */;
			compatibilityVersion = "Xcode 13.0";
			developmentRegion = en;
			hasScannedForEncodings = 0;
			knownRegions = (
				en,
				Base,
			);
			mainGroup = BA95395D27D99031005A899A;
			productRefGroup = BA95396727D99031005A899A /* Products */;
			projectDirPath = "";
			projectRoot = "";
			targets = (
				BA95396527D99031005A899A /* Saffy Cleaning */,
				BA95397E27D99032005A899A /* Saffy CleaningTests */,
				BA95398827D99032005A899A /* Saffy CleaningUITests */,
			);
		};
/* End PBXProject section */

/* Begin PBXResourcesBuildPhase section */
		BA95396427D99031005A899A /* Resources */ = {
			isa = PBXResourcesBuildPhase;
			buildActionMask = 2147483647;
			files = (
				BA65DB5627DA69A50007A915 /* Urbanist-SemiBold.ttf in Resources */,
				BA65DB5727DA69A50007A915 /* Urbanist-Medium.ttf in Resources */,
				BA65DB5427DA69A50007A915 /* Urbanist-Bold.ttf in Resources */,
				BA95397927D99032005A899A /* LaunchScreen.storyboard in Resources */,
				BA95397627D99032005A899A /* Assets.xcassets in Resources */,
				BA65DB5527DA69A50007A915 /* Urbanist-Regular.ttf in Resources */,
				0B53774F27DB04350085C110 /* GoogleService-Info.plist in Resources */,
			);
			runOnlyForDeploymentPostprocessing = 0;
		};
		BA95397D27D99032005A899A /* Resources */ = {
			isa = PBXResourcesBuildPhase;
			buildActionMask = 2147483647;
			files = (
			);
			runOnlyForDeploymentPostprocessing = 0;
		};
		BA95398727D99032005A899A /* Resources */ = {
			isa = PBXResourcesBuildPhase;
			buildActionMask = 2147483647;
			files = (
			);
			runOnlyForDeploymentPostprocessing = 0;
		};
/* End PBXResourcesBuildPhase section */

/* Begin PBXShellScriptBuildPhase section */
		136A7E17E5257639772947D9 /* [CP] Embed Pods Frameworks */ = {
			isa = PBXShellScriptBuildPhase;
			buildActionMask = 2147483647;
			files = (
			);
			inputFileListPaths = (
				"${PODS_ROOT}/Target Support Files/Pods-Saffy Cleaning-Saffy CleaningUITests/Pods-Saffy Cleaning-Saffy CleaningUITests-frameworks-${CONFIGURATION}-input-files.xcfilelist",
			);
			name = "[CP] Embed Pods Frameworks";
			outputFileListPaths = (
				"${PODS_ROOT}/Target Support Files/Pods-Saffy Cleaning-Saffy CleaningUITests/Pods-Saffy Cleaning-Saffy CleaningUITests-frameworks-${CONFIGURATION}-output-files.xcfilelist",
			);
			runOnlyForDeploymentPostprocessing = 0;
			shellPath = /bin/sh;
			shellScript = "\"${PODS_ROOT}/Target Support Files/Pods-Saffy Cleaning-Saffy CleaningUITests/Pods-Saffy Cleaning-Saffy CleaningUITests-frameworks.sh\"\n";
			showEnvVarsInLog = 0;
		};
		3E72EC5E6A0AA4E4E3CED200 /* [CP] Check Pods Manifest.lock */ = {
			isa = PBXShellScriptBuildPhase;
			buildActionMask = 2147483647;
			files = (
			);
			inputFileListPaths = (
			);
			inputPaths = (
				"${PODS_PODFILE_DIR_PATH}/Podfile.lock",
				"${PODS_ROOT}/Manifest.lock",
			);
			name = "[CP] Check Pods Manifest.lock";
			outputFileListPaths = (
			);
			outputPaths = (
				"$(DERIVED_FILE_DIR)/Pods-Saffy Cleaning-Saffy CleaningUITests-checkManifestLockResult.txt",
			);
			runOnlyForDeploymentPostprocessing = 0;
			shellPath = /bin/sh;
			shellScript = "diff \"${PODS_PODFILE_DIR_PATH}/Podfile.lock\" \"${PODS_ROOT}/Manifest.lock\" > /dev/null\nif [ $? != 0 ] ; then\n    # print error to STDERR\n    echo \"error: The sandbox is not in sync with the Podfile.lock. Run 'pod install' or update your CocoaPods installation.\" >&2\n    exit 1\nfi\n# This output is used by Xcode 'outputs' to avoid re-running this script phase.\necho \"SUCCESS\" > \"${SCRIPT_OUTPUT_FILE_0}\"\n";
			showEnvVarsInLog = 0;
		};
		8DEBBFE7FAFC72BE13F8699C /* [CP] Check Pods Manifest.lock */ = {
			isa = PBXShellScriptBuildPhase;
			buildActionMask = 2147483647;
			files = (
			);
			inputFileListPaths = (
			);
			inputPaths = (
				"${PODS_PODFILE_DIR_PATH}/Podfile.lock",
				"${PODS_ROOT}/Manifest.lock",
			);
			name = "[CP] Check Pods Manifest.lock";
			outputFileListPaths = (
			);
			outputPaths = (
				"$(DERIVED_FILE_DIR)/Pods-Saffy Cleaning-checkManifestLockResult.txt",
			);
			runOnlyForDeploymentPostprocessing = 0;
			shellPath = /bin/sh;
			shellScript = "diff \"${PODS_PODFILE_DIR_PATH}/Podfile.lock\" \"${PODS_ROOT}/Manifest.lock\" > /dev/null\nif [ $? != 0 ] ; then\n    # print error to STDERR\n    echo \"error: The sandbox is not in sync with the Podfile.lock. Run 'pod install' or update your CocoaPods installation.\" >&2\n    exit 1\nfi\n# This output is used by Xcode 'outputs' to avoid re-running this script phase.\necho \"SUCCESS\" > \"${SCRIPT_OUTPUT_FILE_0}\"\n";
			showEnvVarsInLog = 0;
		};
		A672A8BA02F5137D34C0A6CB /* [CP] Embed Pods Frameworks */ = {
			isa = PBXShellScriptBuildPhase;
			buildActionMask = 2147483647;
			files = (
			);
			inputFileListPaths = (
				"${PODS_ROOT}/Target Support Files/Pods-Saffy Cleaning/Pods-Saffy Cleaning-frameworks-${CONFIGURATION}-input-files.xcfilelist",
			);
			name = "[CP] Embed Pods Frameworks";
			outputFileListPaths = (
				"${PODS_ROOT}/Target Support Files/Pods-Saffy Cleaning/Pods-Saffy Cleaning-frameworks-${CONFIGURATION}-output-files.xcfilelist",
			);
			runOnlyForDeploymentPostprocessing = 0;
			shellPath = /bin/sh;
			shellScript = "\"${PODS_ROOT}/Target Support Files/Pods-Saffy Cleaning/Pods-Saffy Cleaning-frameworks.sh\"\n";
			showEnvVarsInLog = 0;
		};
		EC42DCDF1D01D716E33C3DDD /* [CP] Check Pods Manifest.lock */ = {
			isa = PBXShellScriptBuildPhase;
			buildActionMask = 2147483647;
			files = (
			);
			inputFileListPaths = (
			);
			inputPaths = (
				"${PODS_PODFILE_DIR_PATH}/Podfile.lock",
				"${PODS_ROOT}/Manifest.lock",
			);
			name = "[CP] Check Pods Manifest.lock";
			outputFileListPaths = (
			);
			outputPaths = (
				"$(DERIVED_FILE_DIR)/Pods-Saffy CleaningTests-checkManifestLockResult.txt",
			);
			runOnlyForDeploymentPostprocessing = 0;
			shellPath = /bin/sh;
			shellScript = "diff \"${PODS_PODFILE_DIR_PATH}/Podfile.lock\" \"${PODS_ROOT}/Manifest.lock\" > /dev/null\nif [ $? != 0 ] ; then\n    # print error to STDERR\n    echo \"error: The sandbox is not in sync with the Podfile.lock. Run 'pod install' or update your CocoaPods installation.\" >&2\n    exit 1\nfi\n# This output is used by Xcode 'outputs' to avoid re-running this script phase.\necho \"SUCCESS\" > \"${SCRIPT_OUTPUT_FILE_0}\"\n";
			showEnvVarsInLog = 0;
		};
/* End PBXShellScriptBuildPhase section */

/* Begin PBXSourcesBuildPhase section */
		BA95396227D99031005A899A /* Sources */ = {
			isa = PBXSourcesBuildPhase;
			buildActionMask = 2147483647;
			files = (
				BA65DB6427DA6E590007A915 /* UIViewController+Ext.swift in Sources */,
				BA65DB5C27DA6E030007A915 /* UIView+Ext.swift in Sources */,
				BA9539A427D990F5005A899A /* SCSubTitleLabel.swift in Sources */,
				BA65DB6627DA6E6D0007A915 /* String+Ext.swift in Sources */,
				BA9539CA27D991CD005A899A /* SCReviewCell.swift in Sources */,
				BAB5F35D27D9AF290018A030 /* HistoryViewController.swift in Sources */,
				BA9539A827D99106005A899A /* SCCompletionLabel.swift in Sources */,
				BA9539AF27D99124005A899A /* SCTextField.swift in Sources */,
				BABE4E4B27DABF3400ECFFE1 /* SCCircleButton.swift in Sources */,
				BA65DB5E27DA6E1A0007A915 /* UIColor+Ext.swift in Sources */,
				BAB5F36127D9AF4E0018A030 /* ProfileViewController.swift in Sources */,
				BA3512CD27DAED6A00C67330 /* SCAddressVC.swift in Sources */,
				BA9539D327D998E2005A899A /* SCStackView.swift in Sources */,
				BA9539C027D9916A005A899A /* SCInfoView.swift in Sources */,
				BA9539C227D99173005A899A /* SCPolicyView.swift in Sources */,
				BA65DB5A27DA6DED0007A915 /* UITapGestureRecognizer+Ext.swift in Sources */,
				BA65DB6227DA6E400007A915 /* UILabel+Ext.swift in Sources */,
				BA3512CF27DAFB7B00C67330 /* OrderViewController.swift in Sources */,
				BA9539D027D991D9005A899A /* SCHousePhotoCell.swift in Sources */,
				BA9539B227D99136005A899A /* SCMainButton.swift in Sources */,
				BA9539AA27D9910B005A899A /* SCMainLabel.swift in Sources */,
				BA9539A627D990FE005A899A /* SCInfoLabel.swift in Sources */,
				BA9539B627D99143005A899A /* SCRadioButton.swift in Sources */,
				BA9539BB27D99156005A899A /* SCProfileImageView.swift in Sources */,
				BA95397427D99031005A899A /* Saffy_Cleaning.xcdatamodeld in Sources */,
				BA9539B827D99149005A899A /* SCCheckBox.swift in Sources */,
				BA9539C527D991A7005A899A /* SCSelectionPopUp.swift in Sources */,
				BA95396E27D99031005A899A /* LoginViewController.swift in Sources */,
				BA9539BE27D99165005A899A /* SCSignInView.swift in Sources */,
				BA65DB6027DA6E2E0007A915 /* UIFont+Ext.swift in Sources */,
				BAB5F35F27D9AF3F0018A030 /* NoticeViewController.swift in Sources */,
				BAB5F35927D9AD7E0018A030 /* HomeViewController.swift in Sources */,
				BA9539C827D991C8005A899A /* SCHistoryCardCell.swift in Sources */,
				BAB5F35027D9ACE60018A030 /* MainTabBarController.swift in Sources */,
				BA9539CE27D991D5005A899A /* SCAddressCell.swift in Sources */,
				BA9539CC27D991D1005A899A /* SCInfoCell.swift in Sources */,
				BABE4E4F27DAE27500ECFFE1 /* SignUpViewController.swift in Sources */,
				BA95396A27D99031005A899A /* AppDelegate.swift in Sources */,
				BA95396C27D99031005A899A /* SceneDelegate.swift in Sources */,
				BA9539AC27D99110005A899A /* SCTitleLabel.swift in Sources */,
				BAB5F35B27D9AF170018A030 /* ChatViewController.swift in Sources */,
				BA9539B427D9913D005A899A /* SCImageButton.swift in Sources */,
				0B53775227DB0D4A0085C110 /* FirebaseAuthService.swift in Sources */,
			);
			runOnlyForDeploymentPostprocessing = 0;
		};
		BA95397B27D99032005A899A /* Sources */ = {
			isa = PBXSourcesBuildPhase;
			buildActionMask = 2147483647;
			files = (
				BA95398427D99032005A899A /* Saffy_CleaningTests.swift in Sources */,
			);
			runOnlyForDeploymentPostprocessing = 0;
		};
		BA95398527D99032005A899A /* Sources */ = {
			isa = PBXSourcesBuildPhase;
			buildActionMask = 2147483647;
			files = (
				BA95398E27D99032005A899A /* Saffy_CleaningUITests.swift in Sources */,
				BA95399027D99032005A899A /* Saffy_CleaningUITestsLaunchTests.swift in Sources */,
			);
			runOnlyForDeploymentPostprocessing = 0;
		};
/* End PBXSourcesBuildPhase section */

/* Begin PBXTargetDependency section */
		BA95398127D99032005A899A /* PBXTargetDependency */ = {
			isa = PBXTargetDependency;
			target = BA95396527D99031005A899A /* Saffy Cleaning */;
			targetProxy = BA95398027D99032005A899A /* PBXContainerItemProxy */;
		};
		BA95398B27D99032005A899A /* PBXTargetDependency */ = {
			isa = PBXTargetDependency;
			target = BA95396527D99031005A899A /* Saffy Cleaning */;
			targetProxy = BA95398A27D99032005A899A /* PBXContainerItemProxy */;
		};
/* End PBXTargetDependency section */

/* Begin PBXVariantGroup section */
		BA95397727D99032005A899A /* LaunchScreen.storyboard */ = {
			isa = PBXVariantGroup;
			children = (
				BA95397827D99032005A899A /* Base */,
			);
			name = LaunchScreen.storyboard;
			sourceTree = "<group>";
		};
/* End PBXVariantGroup section */

/* Begin XCBuildConfiguration section */
		BA95399127D99032005A899A /* Debug */ = {
			isa = XCBuildConfiguration;
			buildSettings = {
				ALWAYS_SEARCH_USER_PATHS = NO;
				CLANG_ANALYZER_NONNULL = YES;
				CLANG_ANALYZER_NUMBER_OBJECT_CONVERSION = YES_AGGRESSIVE;
				CLANG_CXX_LANGUAGE_STANDARD = "gnu++17";
				CLANG_CXX_LIBRARY = "libc++";
				CLANG_ENABLE_MODULES = YES;
				CLANG_ENABLE_OBJC_ARC = YES;
				CLANG_ENABLE_OBJC_WEAK = YES;
				CLANG_WARN_BLOCK_CAPTURE_AUTORELEASING = YES;
				CLANG_WARN_BOOL_CONVERSION = YES;
				CLANG_WARN_COMMA = YES;
				CLANG_WARN_CONSTANT_CONVERSION = YES;
				CLANG_WARN_DEPRECATED_OBJC_IMPLEMENTATIONS = YES;
				CLANG_WARN_DIRECT_OBJC_ISA_USAGE = YES_ERROR;
				CLANG_WARN_DOCUMENTATION_COMMENTS = YES;
				CLANG_WARN_EMPTY_BODY = YES;
				CLANG_WARN_ENUM_CONVERSION = YES;
				CLANG_WARN_INFINITE_RECURSION = YES;
				CLANG_WARN_INT_CONVERSION = YES;
				CLANG_WARN_NON_LITERAL_NULL_CONVERSION = YES;
				CLANG_WARN_OBJC_IMPLICIT_RETAIN_SELF = YES;
				CLANG_WARN_OBJC_LITERAL_CONVERSION = YES;
				CLANG_WARN_OBJC_ROOT_CLASS = YES_ERROR;
				CLANG_WARN_QUOTED_INCLUDE_IN_FRAMEWORK_HEADER = YES;
				CLANG_WARN_RANGE_LOOP_ANALYSIS = YES;
				CLANG_WARN_STRICT_PROTOTYPES = YES;
				CLANG_WARN_SUSPICIOUS_MOVE = YES;
				CLANG_WARN_UNGUARDED_AVAILABILITY = YES_AGGRESSIVE;
				CLANG_WARN_UNREACHABLE_CODE = YES;
				CLANG_WARN__DUPLICATE_METHOD_MATCH = YES;
				COPY_PHASE_STRIP = NO;
				DEBUG_INFORMATION_FORMAT = dwarf;
				ENABLE_STRICT_OBJC_MSGSEND = YES;
				ENABLE_TESTABILITY = YES;
				GCC_C_LANGUAGE_STANDARD = gnu11;
				GCC_DYNAMIC_NO_PIC = NO;
				GCC_NO_COMMON_BLOCKS = YES;
				GCC_OPTIMIZATION_LEVEL = 0;
				GCC_PREPROCESSOR_DEFINITIONS = (
					"DEBUG=1",
					"$(inherited)",
				);
				GCC_WARN_64_TO_32_BIT_CONVERSION = YES;
				GCC_WARN_ABOUT_RETURN_TYPE = YES_ERROR;
				GCC_WARN_UNDECLARED_SELECTOR = YES;
				GCC_WARN_UNINITIALIZED_AUTOS = YES_AGGRESSIVE;
				GCC_WARN_UNUSED_FUNCTION = YES;
				GCC_WARN_UNUSED_VARIABLE = YES;
				IPHONEOS_DEPLOYMENT_TARGET = 15.2;
				MTL_ENABLE_DEBUG_INFO = INCLUDE_SOURCE;
				MTL_FAST_MATH = YES;
				ONLY_ACTIVE_ARCH = YES;
				SDKROOT = iphoneos;
				SWIFT_ACTIVE_COMPILATION_CONDITIONS = DEBUG;
				SWIFT_OPTIMIZATION_LEVEL = "-Onone";
			};
			name = Debug;
		};
		BA95399227D99032005A899A /* Release */ = {
			isa = XCBuildConfiguration;
			buildSettings = {
				ALWAYS_SEARCH_USER_PATHS = NO;
				CLANG_ANALYZER_NONNULL = YES;
				CLANG_ANALYZER_NUMBER_OBJECT_CONVERSION = YES_AGGRESSIVE;
				CLANG_CXX_LANGUAGE_STANDARD = "gnu++17";
				CLANG_CXX_LIBRARY = "libc++";
				CLANG_ENABLE_MODULES = YES;
				CLANG_ENABLE_OBJC_ARC = YES;
				CLANG_ENABLE_OBJC_WEAK = YES;
				CLANG_WARN_BLOCK_CAPTURE_AUTORELEASING = YES;
				CLANG_WARN_BOOL_CONVERSION = YES;
				CLANG_WARN_COMMA = YES;
				CLANG_WARN_CONSTANT_CONVERSION = YES;
				CLANG_WARN_DEPRECATED_OBJC_IMPLEMENTATIONS = YES;
				CLANG_WARN_DIRECT_OBJC_ISA_USAGE = YES_ERROR;
				CLANG_WARN_DOCUMENTATION_COMMENTS = YES;
				CLANG_WARN_EMPTY_BODY = YES;
				CLANG_WARN_ENUM_CONVERSION = YES;
				CLANG_WARN_INFINITE_RECURSION = YES;
				CLANG_WARN_INT_CONVERSION = YES;
				CLANG_WARN_NON_LITERAL_NULL_CONVERSION = YES;
				CLANG_WARN_OBJC_IMPLICIT_RETAIN_SELF = YES;
				CLANG_WARN_OBJC_LITERAL_CONVERSION = YES;
				CLANG_WARN_OBJC_ROOT_CLASS = YES_ERROR;
				CLANG_WARN_QUOTED_INCLUDE_IN_FRAMEWORK_HEADER = YES;
				CLANG_WARN_RANGE_LOOP_ANALYSIS = YES;
				CLANG_WARN_STRICT_PROTOTYPES = YES;
				CLANG_WARN_SUSPICIOUS_MOVE = YES;
				CLANG_WARN_UNGUARDED_AVAILABILITY = YES_AGGRESSIVE;
				CLANG_WARN_UNREACHABLE_CODE = YES;
				CLANG_WARN__DUPLICATE_METHOD_MATCH = YES;
				COPY_PHASE_STRIP = NO;
				DEBUG_INFORMATION_FORMAT = "dwarf-with-dsym";
				ENABLE_NS_ASSERTIONS = NO;
				ENABLE_STRICT_OBJC_MSGSEND = YES;
				GCC_C_LANGUAGE_STANDARD = gnu11;
				GCC_NO_COMMON_BLOCKS = YES;
				GCC_WARN_64_TO_32_BIT_CONVERSION = YES;
				GCC_WARN_ABOUT_RETURN_TYPE = YES_ERROR;
				GCC_WARN_UNDECLARED_SELECTOR = YES;
				GCC_WARN_UNINITIALIZED_AUTOS = YES_AGGRESSIVE;
				GCC_WARN_UNUSED_FUNCTION = YES;
				GCC_WARN_UNUSED_VARIABLE = YES;
				IPHONEOS_DEPLOYMENT_TARGET = 15.2;
				MTL_ENABLE_DEBUG_INFO = NO;
				MTL_FAST_MATH = YES;
				SDKROOT = iphoneos;
				SWIFT_COMPILATION_MODE = wholemodule;
				SWIFT_OPTIMIZATION_LEVEL = "-O";
				VALIDATE_PRODUCT = YES;
			};
			name = Release;
		};
		BA95399427D99032005A899A /* Debug */ = {
			isa = XCBuildConfiguration;
			baseConfigurationReference = 8DA4BFA633F1EBED2C258690 /* Pods-Saffy Cleaning.debug.xcconfig */;
			buildSettings = {
				ASSETCATALOG_COMPILER_APPICON_NAME = AppIcon;
				ASSETCATALOG_COMPILER_GLOBAL_ACCENT_COLOR_NAME = AccentColor;
				CODE_SIGN_STYLE = Automatic;
				CURRENT_PROJECT_VERSION = 1;
				DEVELOPMENT_TEAM = B7BMA2TAJK;
				GENERATE_INFOPLIST_FILE = YES;
				INFOPLIST_FILE = "Saffy Cleaning/Info.plist";
				INFOPLIST_KEY_UIApplicationSupportsIndirectInputEvents = YES;
				INFOPLIST_KEY_UILaunchStoryboardName = LaunchScreen;
				INFOPLIST_KEY_UISupportedInterfaceOrientations = UIInterfaceOrientationPortrait;
				INFOPLIST_KEY_UISupportedInterfaceOrientations_iPad = "UIInterfaceOrientationPortrait UIInterfaceOrientationPortraitUpsideDown UIInterfaceOrientationLandscapeLeft UIInterfaceOrientationLandscapeRight";
				INFOPLIST_KEY_UISupportedInterfaceOrientations_iPhone = "UIInterfaceOrientationPortrait UIInterfaceOrientationLandscapeLeft UIInterfaceOrientationLandscapeRight";
				LD_RUNPATH_SEARCH_PATHS = (
					"$(inherited)",
					"@executable_path/Frameworks",
				);
				MARKETING_VERSION = 1.0;
				PRODUCT_BUNDLE_IDENTIFIER = "com.onurcansever.Saffy-Cleaning";
				PRODUCT_NAME = "$(TARGET_NAME)";
				SWIFT_EMIT_LOC_STRINGS = YES;
				SWIFT_VERSION = 5.0;
				TARGETED_DEVICE_FAMILY = 1;
			};
			name = Debug;
		};
		BA95399527D99032005A899A /* Release */ = {
			isa = XCBuildConfiguration;
			baseConfigurationReference = 8FF407DC294425913D66AABA /* Pods-Saffy Cleaning.release.xcconfig */;
			buildSettings = {
				ASSETCATALOG_COMPILER_APPICON_NAME = AppIcon;
				ASSETCATALOG_COMPILER_GLOBAL_ACCENT_COLOR_NAME = AccentColor;
				CODE_SIGN_STYLE = Automatic;
				CURRENT_PROJECT_VERSION = 1;
				DEVELOPMENT_TEAM = B7BMA2TAJK;
				GENERATE_INFOPLIST_FILE = YES;
				INFOPLIST_FILE = "Saffy Cleaning/Info.plist";
				INFOPLIST_KEY_UIApplicationSupportsIndirectInputEvents = YES;
				INFOPLIST_KEY_UILaunchStoryboardName = LaunchScreen;
				INFOPLIST_KEY_UISupportedInterfaceOrientations = UIInterfaceOrientationPortrait;
				INFOPLIST_KEY_UISupportedInterfaceOrientations_iPad = "UIInterfaceOrientationPortrait UIInterfaceOrientationPortraitUpsideDown UIInterfaceOrientationLandscapeLeft UIInterfaceOrientationLandscapeRight";
				INFOPLIST_KEY_UISupportedInterfaceOrientations_iPhone = "UIInterfaceOrientationPortrait UIInterfaceOrientationLandscapeLeft UIInterfaceOrientationLandscapeRight";
				LD_RUNPATH_SEARCH_PATHS = (
					"$(inherited)",
					"@executable_path/Frameworks",
				);
				MARKETING_VERSION = 1.0;
				PRODUCT_BUNDLE_IDENTIFIER = "com.onurcansever.Saffy-Cleaning";
				PRODUCT_NAME = "$(TARGET_NAME)";
				SWIFT_EMIT_LOC_STRINGS = YES;
				SWIFT_VERSION = 5.0;
				TARGETED_DEVICE_FAMILY = 1;
			};
			name = Release;
		};
		BA95399727D99032005A899A /* Debug */ = {
			isa = XCBuildConfiguration;
			baseConfigurationReference = 0886986748DD21DB2CC14626 /* Pods-Saffy CleaningTests.debug.xcconfig */;
			buildSettings = {
				ALWAYS_EMBED_SWIFT_STANDARD_LIBRARIES = YES;
				BUNDLE_LOADER = "$(TEST_HOST)";
				CODE_SIGN_STYLE = Automatic;
				CURRENT_PROJECT_VERSION = 1;
				DEVELOPMENT_TEAM = B7BMA2TAJK;
				GENERATE_INFOPLIST_FILE = YES;
				IPHONEOS_DEPLOYMENT_TARGET = 15.2;
				MARKETING_VERSION = 1.0;
				PRODUCT_BUNDLE_IDENTIFIER = "com.onurcansever.Saffy-CleaningTests";
				PRODUCT_NAME = "$(TARGET_NAME)";
				SWIFT_EMIT_LOC_STRINGS = NO;
				SWIFT_VERSION = 5.0;
				TARGETED_DEVICE_FAMILY = "1,2";
				TEST_HOST = "$(BUILT_PRODUCTS_DIR)/Saffy Cleaning.app/Saffy Cleaning";
			};
			name = Debug;
		};
		BA95399827D99032005A899A /* Release */ = {
			isa = XCBuildConfiguration;
			baseConfigurationReference = C386D2770B319A360BB1CC08 /* Pods-Saffy CleaningTests.release.xcconfig */;
			buildSettings = {
				ALWAYS_EMBED_SWIFT_STANDARD_LIBRARIES = YES;
				BUNDLE_LOADER = "$(TEST_HOST)";
				CODE_SIGN_STYLE = Automatic;
				CURRENT_PROJECT_VERSION = 1;
				DEVELOPMENT_TEAM = B7BMA2TAJK;
				GENERATE_INFOPLIST_FILE = YES;
				IPHONEOS_DEPLOYMENT_TARGET = 15.2;
				MARKETING_VERSION = 1.0;
				PRODUCT_BUNDLE_IDENTIFIER = "com.onurcansever.Saffy-CleaningTests";
				PRODUCT_NAME = "$(TARGET_NAME)";
				SWIFT_EMIT_LOC_STRINGS = NO;
				SWIFT_VERSION = 5.0;
				TARGETED_DEVICE_FAMILY = "1,2";
				TEST_HOST = "$(BUILT_PRODUCTS_DIR)/Saffy Cleaning.app/Saffy Cleaning";
			};
			name = Release;
		};
		BA95399A27D99032005A899A /* Debug */ = {
			isa = XCBuildConfiguration;
			baseConfigurationReference = 3C8CF8174B661D95C9004E6B /* Pods-Saffy Cleaning-Saffy CleaningUITests.debug.xcconfig */;
			buildSettings = {
				ALWAYS_EMBED_SWIFT_STANDARD_LIBRARIES = YES;
				CODE_SIGN_STYLE = Automatic;
				CURRENT_PROJECT_VERSION = 1;
				DEVELOPMENT_TEAM = B7BMA2TAJK;
				GENERATE_INFOPLIST_FILE = YES;
				MARKETING_VERSION = 1.0;
				PRODUCT_BUNDLE_IDENTIFIER = "com.onurcansever.Saffy-CleaningUITests";
				PRODUCT_NAME = "$(TARGET_NAME)";
				SWIFT_EMIT_LOC_STRINGS = NO;
				SWIFT_VERSION = 5.0;
				TARGETED_DEVICE_FAMILY = "1,2";
				TEST_TARGET_NAME = "Saffy Cleaning";
			};
			name = Debug;
		};
		BA95399B27D99032005A899A /* Release */ = {
			isa = XCBuildConfiguration;
			baseConfigurationReference = AC672424CA58B06308BFF680 /* Pods-Saffy Cleaning-Saffy CleaningUITests.release.xcconfig */;
			buildSettings = {
				ALWAYS_EMBED_SWIFT_STANDARD_LIBRARIES = YES;
				CODE_SIGN_STYLE = Automatic;
				CURRENT_PROJECT_VERSION = 1;
				DEVELOPMENT_TEAM = B7BMA2TAJK;
				GENERATE_INFOPLIST_FILE = YES;
				MARKETING_VERSION = 1.0;
				PRODUCT_BUNDLE_IDENTIFIER = "com.onurcansever.Saffy-CleaningUITests";
				PRODUCT_NAME = "$(TARGET_NAME)";
				SWIFT_EMIT_LOC_STRINGS = NO;
				SWIFT_VERSION = 5.0;
				TARGETED_DEVICE_FAMILY = "1,2";
				TEST_TARGET_NAME = "Saffy Cleaning";
			};
			name = Release;
		};
/* End XCBuildConfiguration section */

/* Begin XCConfigurationList section */
		BA95396127D99031005A899A /* Build configuration list for PBXProject "Saffy Cleaning" */ = {
			isa = XCConfigurationList;
			buildConfigurations = (
				BA95399127D99032005A899A /* Debug */,
				BA95399227D99032005A899A /* Release */,
			);
			defaultConfigurationIsVisible = 0;
			defaultConfigurationName = Release;
		};
		BA95399327D99032005A899A /* Build configuration list for PBXNativeTarget "Saffy Cleaning" */ = {
			isa = XCConfigurationList;
			buildConfigurations = (
				BA95399427D99032005A899A /* Debug */,
				BA95399527D99032005A899A /* Release */,
			);
			defaultConfigurationIsVisible = 0;
			defaultConfigurationName = Release;
		};
		BA95399627D99032005A899A /* Build configuration list for PBXNativeTarget "Saffy CleaningTests" */ = {
			isa = XCConfigurationList;
			buildConfigurations = (
				BA95399727D99032005A899A /* Debug */,
				BA95399827D99032005A899A /* Release */,
			);
			defaultConfigurationIsVisible = 0;
			defaultConfigurationName = Release;
		};
		BA95399927D99032005A899A /* Build configuration list for PBXNativeTarget "Saffy CleaningUITests" */ = {
			isa = XCConfigurationList;
			buildConfigurations = (
				BA95399A27D99032005A899A /* Debug */,
				BA95399B27D99032005A899A /* Release */,
			);
			defaultConfigurationIsVisible = 0;
			defaultConfigurationName = Release;
		};
/* End XCConfigurationList section */

/* Begin XCVersionGroup section */
		BA95397227D99031005A899A /* Saffy_Cleaning.xcdatamodeld */ = {
			isa = XCVersionGroup;
			children = (
				BA95397327D99031005A899A /* Saffy_Cleaning.xcdatamodel */,
			);
			currentVersion = BA95397327D99031005A899A /* Saffy_Cleaning.xcdatamodel */;
			path = Saffy_Cleaning.xcdatamodeld;
			sourceTree = "<group>";
			versionGroupType = wrapper.xcdatamodel;
		};
/* End XCVersionGroup section */
	};
	rootObject = BA95395E27D99031005A899A /* Project object */;
}
